
Microsoft Visual Studio Solution File, Format Version 12.00
# Visual Studio Version 16
VisualStudioVersion = 16.0.30717.126
MinimumVisualStudioVersion = 10.0.40219.1
Project("{9A19103F-16F7-4668-BE54-9A1E7A4F7556}") = "JWTToken", "JWTToken.csproj", "{96746ABE-E403-4CD6-B90D-48A971D67013}"
EndProject
Global
	GlobalSection(SolutionConfigurationPlatforms) = preSolution
		Debug|Any CPU = Debug|Any CPU
		Release|Any CPU = Release|Any CPU
	EndGlobalSection
	GlobalSection(ProjectConfigurationPlatforms) = postSolution
		{96746ABE-E403-4CD6-B90D-48A971D67013}.Debug|Any CPU.ActiveCfg = Debug|Any CPU
		{96746ABE-E403-4CD6-B90D-48A971D67013}.Debug|Any CPU.Build.0 = Debug|Any CPU
		{96746ABE-E403-4CD6-B90D-48A971D67013}.Release|Any CPU.ActiveCfg = Release|Any CPU
		{96746ABE-E403-4CD6-B90D-48A971D67013}.Release|Any CPU.Build.0 = Release|Any CPU
	EndGlobalSection
	GlobalSection(SolutionProperties) = preSolution
		HideSolutionNode = FALSE
	EndGlobalSection
	GlobalSection(ExtensibilityGlobals) = postSolution
		SolutionGuid = {990EEF71-9C5B-4C3A-A947-44E700CEE60B}
	EndGlobalSection
EndGlobal
