
Microsoft Visual Studio Solution File, Format Version 12.00
# Visual Studio Version 17
VisualStudioVersion = 17.0.31919.166
MinimumVisualStudioVersion = 10.0.40219.1
Project("{FAE04EC0-301F-11D3-BF4B-00C04F79EFBC}") = "EntityFrameworkCore", "EntityFrameworkCore\EntityFrameworkCore.csproj", "{4711A368-C33B-44BA-93FF-63C9F2DDBA0D}"
EndProject
Global
	GlobalSection(SolutionConfigurationPlatforms) = preSolution
		Debug|Any CPU = Debug|Any CPU
		Release|Any CPU = Release|Any CPU
	EndGlobalSection
	GlobalSection(ProjectConfigurationPlatforms) = postSolution
		{4711A368-C33B-44BA-93FF-63C9F2DDBA0D}.Debug|Any CPU.ActiveCfg = Debug|Any CPU
		{4711A368-C33B-44BA-93FF-63C9F2DDBA0D}.Debug|Any CPU.Build.0 = Debug|Any CPU
		{4711A368-C33B-44BA-93FF-63C9F2DDBA0D}.Release|Any CPU.ActiveCfg = Release|Any CPU
		{4711A368-C33B-44BA-93FF-63C9F2DDBA0D}.Release|Any CPU.Build.0 = Release|Any CPU
	EndGlobalSection
	GlobalSection(SolutionProperties) = preSolution
		HideSolutionNode = FALSE
	EndGlobalSection
	GlobalSection(ExtensibilityGlobals) = postSolution
		SolutionGuid = {7B7C57F3-E2C7-4316-848F-F5DA8FEF6EBF}
	EndGlobalSection
EndGlobal
