
Microsoft Visual Studio Solution File, Format Version 12.00
# Visual Studio Version 16
VisualStudioVersion = 16.0.30717.126
MinimumVisualStudioVersion = 10.0.40219.1
Project("{FAE04EC0-301F-11D3-BF4B-00C04F79EFBC}") = "PolicyBasedAuthentication", "PolicyBasedAuthentication\PolicyBasedAuthentication.csproj", "{15183624-0ED4-493B-8108-87B221FCDFE3}"
EndProject
Global
	GlobalSection(SolutionConfigurationPlatforms) = preSolution
		Debug|Any CPU = Debug|Any CPU
		Release|Any CPU = Release|Any CPU
	EndGlobalSection
	GlobalSection(ProjectConfigurationPlatforms) = postSolution
		{15183624-0ED4-493B-8108-87B221FCDFE3}.Debug|Any CPU.ActiveCfg = Debug|Any CPU
		{15183624-0ED4-493B-8108-87B221FCDFE3}.Debug|Any CPU.Build.0 = Debug|Any CPU
		{15183624-0ED4-493B-8108-87B221FCDFE3}.Release|Any CPU.ActiveCfg = Release|Any CPU
		{15183624-0ED4-493B-8108-87B221FCDFE3}.Release|Any CPU.Build.0 = Release|Any CPU
	EndGlobalSection
	GlobalSection(SolutionProperties) = preSolution
		HideSolutionNode = FALSE
	EndGlobalSection
	GlobalSection(ExtensibilityGlobals) = postSolution
		SolutionGuid = {63C48E51-176B-43D8-8FB5-418A416BC9EA}
	EndGlobalSection
EndGlobal
