
Microsoft Visual Studio Solution File, Format Version 12.00
# Visual Studio Version 16
VisualStudioVersion = 16.0.30717.126
MinimumVisualStudioVersion = 10.0.40219.1
Project("{FAE04EC0-301F-11D3-BF4B-00C04F79EFBC}") = "Middleware", "Middleware\Middleware.csproj", "{2A42E074-4E81-43CD-A548-F914FF5CF688}"
EndProject
Global
	GlobalSection(SolutionConfigurationPlatforms) = preSolution
		Debug|Any CPU = Debug|Any CPU
		Release|Any CPU = Release|Any CPU
	EndGlobalSection
	GlobalSection(ProjectConfigurationPlatforms) = postSolution
		{2A42E074-4E81-43CD-A548-F914FF5CF688}.Debug|Any CPU.ActiveCfg = Debug|Any CPU
		{2A42E074-4E81-43CD-A548-F914FF5CF688}.Debug|Any CPU.Build.0 = Debug|Any CPU
		{2A42E074-4E81-43CD-A548-F914FF5CF688}.Release|Any CPU.ActiveCfg = Release|Any CPU
		{2A42E074-4E81-43CD-A548-F914FF5CF688}.Release|Any CPU.Build.0 = Release|Any CPU
	EndGlobalSection
	GlobalSection(SolutionProperties) = preSolution
		HideSolutionNode = FALSE
	EndGlobalSection
	GlobalSection(ExtensibilityGlobals) = postSolution
		SolutionGuid = {2A998EAE-CDCD-4809-90BE-0D1AE677903F}
	EndGlobalSection
EndGlobal
